
Microsoft Visual Studio Solution File, Format Version 12.00
# Visual Studio Version 17
VisualStudioVersion = 17.12.35323.107
MinimumVisualStudioVersion = 10.0.40219.1
Project("{FAE04EC0-301F-11D3-BF4B-00C04F79EFBC}") = "YumBlazor", "YumBlazor\YumBlazor.csproj", "{2A93EE82-C789-4521-80B3-9800A8B0FC26}"
EndProject
Global
	GlobalSection(SolutionConfigurationPlatforms) = preSolution
		Debug|Any CPU = Debug|Any CPU
		Release|Any CPU = Release|Any CPU
	EndGlobalSection
	GlobalSection(ProjectConfigurationPlatforms) = postSolution
		{2A93EE82-C789-4521-80B3-9800A8B0FC26}.Debug|Any CPU.ActiveCfg = Debug|Any CPU
		{2A93EE82-C789-4521-80B3-9800A8B0FC26}.Debug|Any CPU.Build.0 = Debug|Any CPU
		{2A93EE82-C789-4521-80B3-9800A8B0FC26}.Release|Any CPU.ActiveCfg = Release|Any CPU
		{2A93EE82-C789-4521-80B3-9800A8B0FC26}.Release|Any CPU.Build.0 = Release|Any CPU
	EndGlobalSection
	GlobalSection(SolutionProperties) = preSolution
		HideSolutionNode = FALSE
	EndGlobalSection
	GlobalSection(ExtensibilityGlobals) = postSolution
		SolutionGuid = {4EBED0C9-3866-454B-BA93-BED08EFCEC3A}
	EndGlobalSection
EndGlobal
